
Microsoft Visual Studio Solution File, Format Version 12.00
# Visual Studio Version 16
VisualStudioVersion = 16.0.810.8
MinimumVisualStudioVersion = 10.0.40219.1
Project("{FAE04EC0-301F-11D3-BF4B-00C04F79EFBC}") = "ASPNET_MVC", "ASPNET_MVC\ASPNET_MVC.csproj", "{5C3F6B9E-EB36-479D-80AC-3C7857864810}"
EndProject
Project("{FAE04EC0-301F-11D3-BF4B-00C04F79EFBC}") = "GettingStarted", "GettingStarted\GettingStarted.csproj", "{B3B47868-98BF-4E69-9DA7-99D46D3422F8}"
EndProject
Project("{FAE04EC0-301F-11D3-BF4B-00C04F79EFBC}") = "RoutingWshp", "RoutingWshp\RoutingWshp.csproj", "{ED5A4F38-4317-4346-9279-AD5BDA094FBB}"
EndProject
Project("{FAE04EC0-301F-11D3-BF4B-00C04F79EFBC}") = "EFCoreWshp", "EFCoreWshp\EFCoreWshp.csproj", "{D28009B8-1910-434D-A4D5-2CB8C9CAFD68}"
EndProject
Project("{FAE04EC0-301F-11D3-BF4B-00C04F79EFBC}") = "SearchUsers", "SearchUsers\SearchUsers.csproj", "{20CB1EF5-E776-4DB9-B05E-638B19625BA7}"
EndProject
Project("{FAE04EC0-301F-11D3-BF4B-00C04F79EFBC}") = "ADO.NETWorkshop", "ADO.NETWorkshop\ADO.NETWorkshop.csproj", "{550A204C-6735-4899-9499-ADA88FB85164}"
EndProject
Project("{FAE04EC0-301F-11D3-BF4B-00C04F79EFBC}") = "LINQWorkshop", "LINQWorkshop\LINQWorkshop.csproj", "{D66CB910-3DB2-4BEF-97F5-70FA0873D9F7}"
EndProject
Project("{FAE04EC0-301F-11D3-BF4B-00C04F79EFBC}") = "TasksCartWS", "TasksCartWS\TasksCartWS.csproj", "{1539CF4B-2716-4D62-B257-40489D45AE80}"
EndProject
Global
	GlobalSection(SolutionConfigurationPlatforms) = preSolution
		Debug|Any CPU = Debug|Any CPU
		Release|Any CPU = Release|Any CPU
	EndGlobalSection
	GlobalSection(ProjectConfigurationPlatforms) = postSolution
		{5C3F6B9E-EB36-479D-80AC-3C7857864810}.Debug|Any CPU.ActiveCfg = Debug|Any CPU
		{5C3F6B9E-EB36-479D-80AC-3C7857864810}.Debug|Any CPU.Build.0 = Debug|Any CPU
		{5C3F6B9E-EB36-479D-80AC-3C7857864810}.Release|Any CPU.ActiveCfg = Release|Any CPU
		{5C3F6B9E-EB36-479D-80AC-3C7857864810}.Release|Any CPU.Build.0 = Release|Any CPU
		{B3B47868-98BF-4E69-9DA7-99D46D3422F8}.Debug|Any CPU.ActiveCfg = Debug|Any CPU
		{B3B47868-98BF-4E69-9DA7-99D46D3422F8}.Debug|Any CPU.Build.0 = Debug|Any CPU
		{B3B47868-98BF-4E69-9DA7-99D46D3422F8}.Release|Any CPU.ActiveCfg = Release|Any CPU
		{B3B47868-98BF-4E69-9DA7-99D46D3422F8}.Release|Any CPU.Build.0 = Release|Any CPU
		{ED5A4F38-4317-4346-9279-AD5BDA094FBB}.Debug|Any CPU.ActiveCfg = Debug|Any CPU
		{ED5A4F38-4317-4346-9279-AD5BDA094FBB}.Debug|Any CPU.Build.0 = Debug|Any CPU
		{ED5A4F38-4317-4346-9279-AD5BDA094FBB}.Release|Any CPU.ActiveCfg = Release|Any CPU
		{ED5A4F38-4317-4346-9279-AD5BDA094FBB}.Release|Any CPU.Build.0 = Release|Any CPU
		{D28009B8-1910-434D-A4D5-2CB8C9CAFD68}.Debug|Any CPU.ActiveCfg = Debug|Any CPU
		{D28009B8-1910-434D-A4D5-2CB8C9CAFD68}.Debug|Any CPU.Build.0 = Debug|Any CPU
		{D28009B8-1910-434D-A4D5-2CB8C9CAFD68}.Release|Any CPU.ActiveCfg = Release|Any CPU
		{D28009B8-1910-434D-A4D5-2CB8C9CAFD68}.Release|Any CPU.Build.0 = Release|Any CPU
		{20CB1EF5-E776-4DB9-B05E-638B19625BA7}.Debug|Any CPU.ActiveCfg = Debug|Any CPU
		{20CB1EF5-E776-4DB9-B05E-638B19625BA7}.Debug|Any CPU.Build.0 = Debug|Any CPU
		{20CB1EF5-E776-4DB9-B05E-638B19625BA7}.Release|Any CPU.ActiveCfg = Release|Any CPU
		{20CB1EF5-E776-4DB9-B05E-638B19625BA7}.Release|Any CPU.Build.0 = Release|Any CPU
		{550A204C-6735-4899-9499-ADA88FB85164}.Debug|Any CPU.ActiveCfg = Debug|Any CPU
		{550A204C-6735-4899-9499-ADA88FB85164}.Debug|Any CPU.Build.0 = Debug|Any CPU
		{550A204C-6735-4899-9499-ADA88FB85164}.Release|Any CPU.ActiveCfg = Release|Any CPU
		{550A204C-6735-4899-9499-ADA88FB85164}.Release|Any CPU.Build.0 = Release|Any CPU
		{D66CB910-3DB2-4BEF-97F5-70FA0873D9F7}.Debug|Any CPU.ActiveCfg = Debug|Any CPU
		{D66CB910-3DB2-4BEF-97F5-70FA0873D9F7}.Debug|Any CPU.Build.0 = Debug|Any CPU
		{D66CB910-3DB2-4BEF-97F5-70FA0873D9F7}.Release|Any CPU.ActiveCfg = Release|Any CPU
		{D66CB910-3DB2-4BEF-97F5-70FA0873D9F7}.Release|Any CPU.Build.0 = Release|Any CPU
		{1539CF4B-2716-4D62-B257-40489D45AE80}.Debug|Any CPU.ActiveCfg = Debug|Any CPU
		{1539CF4B-2716-4D62-B257-40489D45AE80}.Debug|Any CPU.Build.0 = Debug|Any CPU
		{1539CF4B-2716-4D62-B257-40489D45AE80}.Release|Any CPU.ActiveCfg = Release|Any CPU
		{1539CF4B-2716-4D62-B257-40489D45AE80}.Release|Any CPU.Build.0 = Release|Any CPU
	EndGlobalSection
	GlobalSection(SolutionProperties) = preSolution
		HideSolutionNode = FALSE
	EndGlobalSection
	GlobalSection(ExtensibilityGlobals) = postSolution
		SolutionGuid = {BC3F9D16-24D1-4B5F-AC2D-8AFC3F85D0BD}
	EndGlobalSection
EndGlobal
